
Microsoft Visual Studio Solution File, Format Version 12.00
# Visual Studio Version 16
VisualStudioVersion = 16.0.30204.135
MinimumVisualStudioVersion = 10.0.40219.1
Project("{FAE04EC0-301F-11D3-BF4B-00C04F79EFBC}") = "OrnekProje", "OrnekProje\OrnekProje.csproj", "{7A3E86FA-52F9-4284-93A2-CB9D64BDD680}"
EndProject
Global
	GlobalSection(SolutionConfigurationPlatforms) = preSolution
		Debug|Any CPU = Debug|Any CPU
		Release|Any CPU = Release|Any CPU
	EndGlobalSection
	GlobalSection(ProjectConfigurationPlatforms) = postSolution
		{7A3E86FA-52F9-4284-93A2-CB9D64BDD680}.Debug|Any CPU.ActiveCfg = Debug|Any CPU
		{7A3E86FA-52F9-4284-93A2-CB9D64BDD680}.Debug|Any CPU.Build.0 = Debug|Any CPU
		{7A3E86FA-52F9-4284-93A2-CB9D64BDD680}.Release|Any CPU.ActiveCfg = Release|Any CPU
		{7A3E86FA-52F9-4284-93A2-CB9D64BDD680}.Release|Any CPU.Build.0 = Release|Any CPU
	EndGlobalSection
	GlobalSection(SolutionProperties) = preSolution
		HideSolutionNode = FALSE
	EndGlobalSection
	GlobalSection(ExtensibilityGlobals) = postSolution
		SolutionGuid = {4734B78D-9C23-4A29-A3EA-07BA85D27828}
	EndGlobalSection
EndGlobal
